// !$*UTF8*$!
{
	archiveVersion = 1;
	classes = {
	};
	objectVersion = 56;
	objects = {

/* Begin PBXBuildFile section */
		F94214E2295747720064FEB3 /* AppDelegate.swift in Sources */ = {isa = PBXBuildFile; fileRef = F94214E1295747720064FEB3 /* AppDelegate.swift */; };
		F94214E4295747720064FEB3 /* SceneDelegate.swift in Sources */ = {isa = PBXBuildFile; fileRef = F94214E3295747720064FEB3 /* SceneDelegate.swift */; };
		F94214E6295747720064FEB3 /* RMTabBarController.swift in Sources */ = {isa = PBXBuildFile; fileRef = F94214E5295747720064FEB3 /* RMTabBarController.swift */; };
		F94214EB295747730064FEB3 /* Assets.xcassets in Resources */ = {isa = PBXBuildFile; fileRef = F94214EA295747730064FEB3 /* Assets.xcassets */; };
		F94214EE295747730064FEB3 /* LaunchScreen.storyboard in Resources */ = {isa = PBXBuildFile; fileRef = F94214EC295747730064FEB3 /* LaunchScreen.storyboard */; };
		F94214FD295749780064FEB3 /* RMLocation.swift in Sources */ = {isa = PBXBuildFile; fileRef = F94214FC295749780064FEB3 /* RMLocation.swift */; };
		F94214FF295749820064FEB3 /* RMCharacter.swift in Sources */ = {isa = PBXBuildFile; fileRef = F94214FE295749820064FEB3 /* RMCharacter.swift */; };
		F9421501295749890064FEB3 /* RMEpisode.swift in Sources */ = {isa = PBXBuildFile; fileRef = F9421500295749890064FEB3 /* RMEpisode.swift */; };
		F9421504295756380064FEB3 /* RMCharacterViewController.swift in Sources */ = {isa = PBXBuildFile; fileRef = F9421503295756380064FEB3 /* RMCharacterViewController.swift */; };
		F94215062957564F0064FEB3 /* RMLocationViewController.swift in Sources */ = {isa = PBXBuildFile; fileRef = F94215052957564F0064FEB3 /* RMLocationViewController.swift */; };
		F9421508295756740064FEB3 /* RMEpisodeViewController.swift in Sources */ = {isa = PBXBuildFile; fileRef = F9421507295756740064FEB3 /* RMEpisodeViewController.swift */; };
		F942150A2957567F0064FEB3 /* RMSettingsViewController.swift in Sources */ = {isa = PBXBuildFile; fileRef = F94215092957567F0064FEB3 /* RMSettingsViewController.swift */; };
		F942150C29575D160064FEB3 /* RMService.swift in Sources */ = {isa = PBXBuildFile; fileRef = F942150B29575D160064FEB3 /* RMService.swift */; };
		F942150E29575D280064FEB3 /* RMRequest.swift in Sources */ = {isa = PBXBuildFile; fileRef = F942150D29575D280064FEB3 /* RMRequest.swift */; };
		F942151029575DB00064FEB3 /* RMEndpoint.swift in Sources */ = {isa = PBXBuildFile; fileRef = F942150F29575DB00064FEB3 /* RMEndpoint.swift */; };
		F9EB9B09295968EF001D6E39 /* RMOrigin.swift in Sources */ = {isa = PBXBuildFile; fileRef = F9EB9B08295968EF001D6E39 /* RMOrigin.swift */; };
		F9EB9B0B2959694A001D6E39 /* RMSingleLocation.swift in Sources */ = {isa = PBXBuildFile; fileRef = F9EB9B0A2959694A001D6E39 /* RMSingleLocation.swift */; };
		F9EB9B0D29596A17001D6E39 /* RMCharacterStatus.swift in Sources */ = {isa = PBXBuildFile; fileRef = F9EB9B0C29596A17001D6E39 /* RMCharacterStatus.swift */; };
		F9EB9B0F29596A50001D6E39 /* RMCharacterGender.swift in Sources */ = {isa = PBXBuildFile; fileRef = F9EB9B0E29596A50001D6E39 /* RMCharacterGender.swift */; };
/* End PBXBuildFile section */

/* Begin PBXFileReference section */
		F94214DE295747720064FEB3 /* RickAndMorty.app */ = {isa = PBXFileReference; explicitFileType = wrapper.application; includeInIndex = 0; path = RickAndMorty.app; sourceTree = BUILT_PRODUCTS_DIR; };
		F94214E1295747720064FEB3 /* AppDelegate.swift */ = {isa = PBXFileReference; lastKnownFileType = sourcecode.swift; path = AppDelegate.swift; sourceTree = "<group>"; };
		F94214E3295747720064FEB3 /* SceneDelegate.swift */ = {isa = PBXFileReference; lastKnownFileType = sourcecode.swift; path = SceneDelegate.swift; sourceTree = "<group>"; };
		F94214E5295747720064FEB3 /* RMTabBarController.swift */ = {isa = PBXFileReference; lastKnownFileType = sourcecode.swift; path = RMTabBarController.swift; sourceTree = "<group>"; };
		F94214EA295747730064FEB3 /* Assets.xcassets */ = {isa = PBXFileReference; lastKnownFileType = folder.assetcatalog; path = Assets.xcassets; sourceTree = "<group>"; };
		F94214ED295747730064FEB3 /* Base */ = {isa = PBXFileReference; lastKnownFileType = file.storyboard; name = Base; path = Base.lproj/LaunchScreen.storyboard; sourceTree = "<group>"; };
		F94214EF295747730064FEB3 /* Info.plist */ = {isa = PBXFileReference; lastKnownFileType = text.plist.xml; path = Info.plist; sourceTree = "<group>"; };
		F94214FC295749780064FEB3 /* RMLocation.swift */ = {isa = PBXFileReference; lastKnownFileType = sourcecode.swift; path = RMLocation.swift; sourceTree = "<group>"; };
		F94214FE295749820064FEB3 /* RMCharacter.swift */ = {isa = PBXFileReference; lastKnownFileType = sourcecode.swift; path = RMCharacter.swift; sourceTree = "<group>"; };
		F9421500295749890064FEB3 /* RMEpisode.swift */ = {isa = PBXFileReference; lastKnownFileType = sourcecode.swift; path = RMEpisode.swift; sourceTree = "<group>"; };
		F9421503295756380064FEB3 /* RMCharacterViewController.swift */ = {isa = PBXFileReference; lastKnownFileType = sourcecode.swift; path = RMCharacterViewController.swift; sourceTree = "<group>"; };
		F94215052957564F0064FEB3 /* RMLocationViewController.swift */ = {isa = PBXFileReference; lastKnownFileType = sourcecode.swift; path = RMLocationViewController.swift; sourceTree = "<group>"; };
		F9421507295756740064FEB3 /* RMEpisodeViewController.swift */ = {isa = PBXFileReference; lastKnownFileType = sourcecode.swift; path = RMEpisodeViewController.swift; sourceTree = "<group>"; };
		F94215092957567F0064FEB3 /* RMSettingsViewController.swift */ = {isa = PBXFileReference; lastKnownFileType = sourcecode.swift; path = RMSettingsViewController.swift; sourceTree = "<group>"; };
		F942150B29575D160064FEB3 /* RMService.swift */ = {isa = PBXFileReference; lastKnownFileType = sourcecode.swift; path = RMService.swift; sourceTree = "<group>"; };
		F942150D29575D280064FEB3 /* RMRequest.swift */ = {isa = PBXFileReference; lastKnownFileType = sourcecode.swift; path = RMRequest.swift; sourceTree = "<group>"; };
		F942150F29575DB00064FEB3 /* RMEndpoint.swift */ = {isa = PBXFileReference; lastKnownFileType = sourcecode.swift; path = RMEndpoint.swift; sourceTree = "<group>"; };
		F9EB9B08295968EF001D6E39 /* RMOrigin.swift */ = {isa = PBXFileReference; lastKnownFileType = sourcecode.swift; path = RMOrigin.swift; sourceTree = "<group>"; };
		F9EB9B0A2959694A001D6E39 /* RMSingleLocation.swift */ = {isa = PBXFileReference; lastKnownFileType = sourcecode.swift; path = RMSingleLocation.swift; sourceTree = "<group>"; };
		F9EB9B0C29596A17001D6E39 /* RMCharacterStatus.swift */ = {isa = PBXFileReference; lastKnownFileType = sourcecode.swift; path = RMCharacterStatus.swift; sourceTree = "<group>"; };
		F9EB9B0E29596A50001D6E39 /* RMCharacterGender.swift */ = {isa = PBXFileReference; lastKnownFileType = sourcecode.swift; path = RMCharacterGender.swift; sourceTree = "<group>"; };
/* End PBXFileReference section */

/* Begin PBXFrameworksBuildPhase section */
		F94214DB295747720064FEB3 /* Frameworks */ = {
			isa = PBXFrameworksBuildPhase;
			buildActionMask = 2147483647;
			files = (
			);
			runOnlyForDeploymentPostprocessing = 0;
		};
/* End PBXFrameworksBuildPhase section */

/* Begin PBXGroup section */
		F94214D5295747720064FEB3 = {
			isa = PBXGroup;
			children = (
				F94214E0295747720064FEB3 /* RickAndMorty */,
				F94214DF295747720064FEB3 /* Products */,
			);
			sourceTree = "<group>";
		};
		F94214DF295747720064FEB3 /* Products */ = {
			isa = PBXGroup;
			children = (
				F94214DE295747720064FEB3 /* RickAndMorty.app */,
			);
			name = Products;
			sourceTree = "<group>";
		};
		F94214E0295747720064FEB3 /* RickAndMorty */ = {
			isa = PBXGroup;
			children = (
				F94214FB295748DD0064FEB3 /* Resources */,
				F94214FA295748D90064FEB3 /* Managers */,
				F94214F9295748CA0064FEB3 /* APIClient */,
				F94214F8295748BC0064FEB3 /* ViewModels */,
				F94214F7295748B80064FEB3 /* Views */,
				F94214F6295748B40064FEB3 /* Models */,
				F94214F5295748A50064FEB3 /* Controllers */,
				F94214EF295747730064FEB3 /* Info.plist */,
			);
			path = RickAndMorty;
			sourceTree = "<group>";
		};
		F94214F5295748A50064FEB3 /* Controllers */ = {
			isa = PBXGroup;
			children = (
				F9421502295756190064FEB3 /* Core */,
			);
			path = Controllers;
			sourceTree = "<group>";
		};
		F94214F6295748B40064FEB3 /* Models */ = {
			isa = PBXGroup;
			children = (
				F94214FC295749780064FEB3 /* RMLocation.swift */,
				F94214FE295749820064FEB3 /* RMCharacter.swift */,
				F9EB9B0E29596A50001D6E39 /* RMCharacterGender.swift */,
				F9EB9B0A2959694A001D6E39 /* RMSingleLocation.swift */,
				F9EB9B08295968EF001D6E39 /* RMOrigin.swift */,
				F9EB9B0C29596A17001D6E39 /* RMCharacterStatus.swift */,
				F9421500295749890064FEB3 /* RMEpisode.swift */,
			);
			path = Models;
			sourceTree = "<group>";
		};
		F94214F7295748B80064FEB3 /* Views */ = {
			isa = PBXGroup;
			children = (
			);
			path = Views;
			sourceTree = "<group>";
		};
		F94214F8295748BC0064FEB3 /* ViewModels */ = {
			isa = PBXGroup;
			children = (
			);
			path = ViewModels;
			sourceTree = "<group>";
		};
		F94214F9295748CA0064FEB3 /* APIClient */ = {
			isa = PBXGroup;
			children = (
				F942150B29575D160064FEB3 /* RMService.swift */,
				F942150D29575D280064FEB3 /* RMRequest.swift */,
				F942150F29575DB00064FEB3 /* RMEndpoint.swift */,
			);
			path = APIClient;
			sourceTree = "<group>";
		};
		F94214FA295748D90064FEB3 /* Managers */ = {
			isa = PBXGroup;
			children = (
			);
			path = Managers;
			sourceTree = "<group>";
		};
		F94214FB295748DD0064FEB3 /* Resources */ = {
			isa = PBXGroup;
			children = (
				F94214E1295747720064FEB3 /* AppDelegate.swift */,
				F94214E3295747720064FEB3 /* SceneDelegate.swift */,
				F94214EA295747730064FEB3 /* Assets.xcassets */,
				F94214EC295747730064FEB3 /* LaunchScreen.storyboard */,
			);
			path = Resources;
			sourceTree = "<group>";
		};
		F9421502295756190064FEB3 /* Core */ = {
			isa = PBXGroup;
			children = (
				F94214E5295747720064FEB3 /* RMTabBarController.swift */,
				F9421503295756380064FEB3 /* RMCharacterViewController.swift */,
				F94215052957564F0064FEB3 /* RMLocationViewController.swift */,
				F9421507295756740064FEB3 /* RMEpisodeViewController.swift */,
				F94215092957567F0064FEB3 /* RMSettingsViewController.swift */,
			);
			path = Core;
			sourceTree = "<group>";
		};
/* End PBXGroup section */

/* Begin PBXNativeTarget section */
		F94214DD295747720064FEB3 /* RickAndMorty */ = {
			isa = PBXNativeTarget;
			buildConfigurationList = F94214F2295747730064FEB3 /* Build configuration list for PBXNativeTarget "RickAndMorty" */;
			buildPhases = (
				F94214DA295747720064FEB3 /* Sources */,
				F94214DB295747720064FEB3 /* Frameworks */,
				F94214DC295747720064FEB3 /* Resources */,
			);
			buildRules = (
			);
			dependencies = (
			);
			name = RickAndMorty;
			productName = RickAndMorty;
			productReference = F94214DE295747720064FEB3 /* RickAndMorty.app */;
			productType = "com.apple.product-type.application";
		};
/* End PBXNativeTarget section */

/* Begin PBXProject section */
		F94214D6295747720064FEB3 /* Project object */ = {
			isa = PBXProject;
			attributes = {
				BuildIndependentTargetsInParallel = 1;
				LastSwiftUpdateCheck = 1420;
				LastUpgradeCheck = 1420;
				TargetAttributes = {
					F94214DD295747720064FEB3 = {
						CreatedOnToolsVersion = 14.2;
					};
				};
			};
			buildConfigurationList = F94214D9295747720064FEB3 /* Build configuration list for PBXProject "RickAndMorty" */;
			compatibilityVersion = "Xcode 14.0";
			developmentRegion = en;
			hasScannedForEncodings = 0;
			knownRegions = (
				en,
				Base,
			);
			mainGroup = F94214D5295747720064FEB3;
			productRefGroup = F94214DF295747720064FEB3 /* Products */;
			projectDirPath = "";
			projectRoot = "";
			targets = (
				F94214DD295747720064FEB3 /* RickAndMorty */,
			);
		};
/* End PBXProject section */

/* Begin PBXResourcesBuildPhase section */
		F94214DC295747720064FEB3 /* Resources */ = {
			isa = PBXResourcesBuildPhase;
			buildActionMask = 2147483647;
			files = (
				F94214EE295747730064FEB3 /* LaunchScreen.storyboard in Resources */,
				F94214EB295747730064FEB3 /* Assets.xcassets in Resources */,
			);
			runOnlyForDeploymentPostprocessing = 0;
		};
/* End PBXResourcesBuildPhase section */

/* Begin PBXSourcesBuildPhase section */
		F94214DA295747720064FEB3 /* Sources */ = {
			isa = PBXSourcesBuildPhase;
			buildActionMask = 2147483647;
			files = (
				F9EB9B09295968EF001D6E39 /* RMOrigin.swift in Sources */,
				F9EB9B0B2959694A001D6E39 /* RMSingleLocation.swift in Sources */,
				F9EB9B0D29596A17001D6E39 /* RMCharacterStatus.swift in Sources */,
				F9EB9B0F29596A50001D6E39 /* RMCharacterGender.swift in Sources */,
				F94215062957564F0064FEB3 /* RMLocationViewController.swift in Sources */,
				F9421501295749890064FEB3 /* RMEpisode.swift in Sources */,
				F94214E6295747720064FEB3 /* RMTabBarController.swift in Sources */,
				F9421508295756740064FEB3 /* RMEpisodeViewController.swift in Sources */,
				F94214E2295747720064FEB3 /* AppDelegate.swift in Sources */,
				F94214E4295747720064FEB3 /* SceneDelegate.swift in Sources */,
				F942150A2957567F0064FEB3 /* RMSettingsViewController.swift in Sources */,
				F942150C29575D160064FEB3 /* RMService.swift in Sources */,
				F94214FD295749780064FEB3 /* RMLocation.swift in Sources */,
				F942151029575DB00064FEB3 /* RMEndpoint.swift in Sources */,
				F94214FF295749820064FEB3 /* RMCharacter.swift in Sources */,
				F942150E29575D280064FEB3 /* RMRequest.swift in Sources */,
				F9421504295756380064FEB3 /* RMCharacterViewController.swift in Sources */,
			);
			runOnlyForDeploymentPostprocessing = 0;
		};
/* End PBXSourcesBuildPhase section */

/* Begin PBXVariantGroup section */
		F94214EC295747730064FEB3 /* LaunchScreen.storyboard */ = {
			isa = PBXVariantGroup;
			children = (
				F94214ED295747730064FEB3 /* Base */,
			);
			name = LaunchScreen.storyboard;
			sourceTree = "<group>";
		};
/* End PBXVariantGroup section */

/* Begin XCBuildConfiguration section */
		F94214F0295747730064FEB3 /* Debug */ = {
			isa = XCBuildConfiguration;
			buildSettings = {
				ALWAYS_SEARCH_USER_PATHS = NO;
				CLANG_ANALYZER_NONNULL = YES;
				CLANG_ANALYZER_NUMBER_OBJECT_CONVERSION = YES_AGGRESSIVE;
				CLANG_CXX_LANGUAGE_STANDARD = "gnu++20";
				CLANG_ENABLE_MODULES = YES;
				CLANG_ENABLE_OBJC_ARC = YES;
				CLANG_ENABLE_OBJC_WEAK = YES;
				CLANG_WARN_BLOCK_CAPTURE_AUTORELEASING = YES;
				CLANG_WARN_BOOL_CONVERSION = YES;
				CLANG_WARN_COMMA = YES;
				CLANG_WARN_CONSTANT_CONVERSION = YES;
				CLANG_WARN_DEPRECATED_OBJC_IMPLEMENTATIONS = YES;
				CLANG_WARN_DIRECT_OBJC_ISA_USAGE = YES_ERROR;
				CLANG_WARN_DOCUMENTATION_COMMENTS = YES;
				CLANG_WARN_EMPTY_BODY = YES;
				CLANG_WARN_ENUM_CONVERSION = YES;
				CLANG_WARN_INFINITE_RECURSION = YES;
				CLANG_WARN_INT_CONVERSION = YES;
				CLANG_WARN_NON_LITERAL_NULL_CONVERSION = YES;
				CLANG_WARN_OBJC_IMPLICIT_RETAIN_SELF = YES;
				CLANG_WARN_OBJC_LITERAL_CONVERSION = YES;
				CLANG_WARN_OBJC_ROOT_CLASS = YES_ERROR;
				CLANG_WARN_QUOTED_INCLUDE_IN_FRAMEWORK_HEADER = YES;
				CLANG_WARN_RANGE_LOOP_ANALYSIS = YES;
				CLANG_WARN_STRICT_PROTOTYPES = YES;
				CLANG_WARN_SUSPICIOUS_MOVE = YES;
				CLANG_WARN_UNGUARDED_AVAILABILITY = YES_AGGRESSIVE;
				CLANG_WARN_UNREACHABLE_CODE = YES;
				CLANG_WARN__DUPLICATE_METHOD_MATCH = YES;
				COPY_PHASE_STRIP = NO;
				DEBUG_INFORMATION_FORMAT = dwarf;
				ENABLE_STRICT_OBJC_MSGSEND = YES;
				ENABLE_TESTABILITY = YES;
				GCC_C_LANGUAGE_STANDARD = gnu11;
				GCC_DYNAMIC_NO_PIC = NO;
				GCC_NO_COMMON_BLOCKS = YES;
				GCC_OPTIMIZATION_LEVEL = 0;
				GCC_PREPROCESSOR_DEFINITIONS = (
					"DEBUG=1",
					"$(inherited)",
				);
				GCC_WARN_64_TO_32_BIT_CONVERSION = YES;
				GCC_WARN_ABOUT_RETURN_TYPE = YES_ERROR;
				GCC_WARN_UNDECLARED_SELECTOR = YES;
				GCC_WARN_UNINITIALIZED_AUTOS = YES_AGGRESSIVE;
				GCC_WARN_UNUSED_FUNCTION = YES;
				GCC_WARN_UNUSED_VARIABLE = YES;
				IPHONEOS_DEPLOYMENT_TARGET = 16.2;
				MTL_ENABLE_DEBUG_INFO = INCLUDE_SOURCE;
				MTL_FAST_MATH = YES;
				ONLY_ACTIVE_ARCH = YES;
				SDKROOT = iphoneos;
				SWIFT_ACTIVE_COMPILATION_CONDITIONS = DEBUG;
				SWIFT_OPTIMIZATION_LEVEL = "-Onone";
			};
			name = Debug;
		};
		F94214F1295747730064FEB3 /* Release */ = {
			isa = XCBuildConfiguration;
			buildSettings = {
				ALWAYS_SEARCH_USER_PATHS = NO;
				CLANG_ANALYZER_NONNULL = YES;
				CLANG_ANALYZER_NUMBER_OBJECT_CONVERSION = YES_AGGRESSIVE;
				CLANG_CXX_LANGUAGE_STANDARD = "gnu++20";
				CLANG_ENABLE_MODULES = YES;
				CLANG_ENABLE_OBJC_ARC = YES;
				CLANG_ENABLE_OBJC_WEAK = YES;
				CLANG_WARN_BLOCK_CAPTURE_AUTORELEASING = YES;
				CLANG_WARN_BOOL_CONVERSION = YES;
				CLANG_WARN_COMMA = YES;
				CLANG_WARN_CONSTANT_CONVERSION = YES;
				CLANG_WARN_DEPRECATED_OBJC_IMPLEMENTATIONS = YES;
				CLANG_WARN_DIRECT_OBJC_ISA_USAGE = YES_ERROR;
				CLANG_WARN_DOCUMENTATION_COMMENTS = YES;
				CLANG_WARN_EMPTY_BODY = YES;
				CLANG_WARN_ENUM_CONVERSION = YES;
				CLANG_WARN_INFINITE_RECURSION = YES;
				CLANG_WARN_INT_CONVERSION = YES;
				CLANG_WARN_NON_LITERAL_NULL_CONVERSION = YES;
				CLANG_WARN_OBJC_IMPLICIT_RETAIN_SELF = YES;
				CLANG_WARN_OBJC_LITERAL_CONVERSION = YES;
				CLANG_WARN_OBJC_ROOT_CLASS = YES_ERROR;
				CLANG_WARN_QUOTED_INCLUDE_IN_FRAMEWORK_HEADER = YES;
				CLANG_WARN_RANGE_LOOP_ANALYSIS = YES;
				CLANG_WARN_STRICT_PROTOTYPES = YES;
				CLANG_WARN_SUSPICIOUS_MOVE = YES;
				CLANG_WARN_UNGUARDED_AVAILABILITY = YES_AGGRESSIVE;
				CLANG_WARN_UNREACHABLE_CODE = YES;
				CLANG_WARN__DUPLICATE_METHOD_MATCH = YES;
				COPY_PHASE_STRIP = NO;
				DEBUG_INFORMATION_FORMAT = "dwarf-with-dsym";
				ENABLE_NS_ASSERTIONS = NO;
				ENABLE_STRICT_OBJC_MSGSEND = YES;
				GCC_C_LANGUAGE_STANDARD = gnu11;
				GCC_NO_COMMON_BLOCKS = YES;
				GCC_WARN_64_TO_32_BIT_CONVERSION = YES;
				GCC_WARN_ABOUT_RETURN_TYPE = YES_ERROR;
				GCC_WARN_UNDECLARED_SELECTOR = YES;
				GCC_WARN_UNINITIALIZED_AUTOS = YES_AGGRESSIVE;
				GCC_WARN_UNUSED_FUNCTION = YES;
				GCC_WARN_UNUSED_VARIABLE = YES;
				IPHONEOS_DEPLOYMENT_TARGET = 16.2;
				MTL_ENABLE_DEBUG_INFO = NO;
				MTL_FAST_MATH = YES;
				SDKROOT = iphoneos;
				SWIFT_COMPILATION_MODE = wholemodule;
				SWIFT_OPTIMIZATION_LEVEL = "-O";
				VALIDATE_PRODUCT = YES;
			};
			name = Release;
		};
		F94214F3295747730064FEB3 /* Debug */ = {
			isa = XCBuildConfiguration;
			buildSettings = {
				ASSETCATALOG_COMPILER_APPICON_NAME = AppIcon;
				ASSETCATALOG_COMPILER_GLOBAL_ACCENT_COLOR_NAME = AccentColor;
				CODE_SIGN_STYLE = Automatic;
				CURRENT_PROJECT_VERSION = 1;
				DEVELOPMENT_TEAM = ATE3429LZ6;
				GENERATE_INFOPLIST_FILE = YES;
				INFOPLIST_FILE = RickAndMorty/Info.plist;
				INFOPLIST_KEY_UIApplicationSupportsIndirectInputEvents = YES;
				INFOPLIST_KEY_UILaunchStoryboardName = LaunchScreen;
				INFOPLIST_KEY_UISupportedInterfaceOrientations_iPad = "UIInterfaceOrientationPortrait UIInterfaceOrientationPortraitUpsideDown UIInterfaceOrientationLandscapeLeft UIInterfaceOrientationLandscapeRight";
				INFOPLIST_KEY_UISupportedInterfaceOrientations_iPhone = "UIInterfaceOrientationPortrait UIInterfaceOrientationLandscapeLeft UIInterfaceOrientationLandscapeRight";
				LD_RUNPATH_SEARCH_PATHS = (
					"$(inherited)",
					"@executable_path/Frameworks",
				);
				MARKETING_VERSION = 1.0;
				PRODUCT_BUNDLE_IDENTIFIER = com.klss.RickAndMorty;
				PRODUCT_NAME = "$(TARGET_NAME)";
				SWIFT_EMIT_LOC_STRINGS = YES;
				SWIFT_VERSION = 5.0;
				TARGETED_DEVICE_FAMILY = "1,2";
			};
			name = Debug;
		};
		F94214F4295747730064FEB3 /* Release */ = {
			isa = XCBuildConfiguration;
			buildSettings = {
				ASSETCATALOG_COMPILER_APPICON_NAME = AppIcon;
				ASSETCATALOG_COMPILER_GLOBAL_ACCENT_COLOR_NAME = AccentColor;
				CODE_SIGN_STYLE = Automatic;
				CURRENT_PROJECT_VERSION = 1;
				DEVELOPMENT_TEAM = ATE3429LZ6;
				GENERATE_INFOPLIST_FILE = YES;
				INFOPLIST_FILE = RickAndMorty/Info.plist;
				INFOPLIST_KEY_UIApplicationSupportsIndirectInputEvents = YES;
				INFOPLIST_KEY_UILaunchStoryboardName = LaunchScreen;
				INFOPLIST_KEY_UISupportedInterfaceOrientations_iPad = "UIInterfaceOrientationPortrait UIInterfaceOrientationPortraitUpsideDown UIInterfaceOrientationLandscapeLeft UIInterfaceOrientationLandscapeRight";
				INFOPLIST_KEY_UISupportedInterfaceOrientations_iPhone = "UIInterfaceOrientationPortrait UIInterfaceOrientationLandscapeLeft UIInterfaceOrientationLandscapeRight";
				LD_RUNPATH_SEARCH_PATHS = (
					"$(inherited)",
					"@executable_path/Frameworks",
				);
				MARKETING_VERSION = 1.0;
				PRODUCT_BUNDLE_IDENTIFIER = com.klss.RickAndMorty;
				PRODUCT_NAME = "$(TARGET_NAME)";
				SWIFT_EMIT_LOC_STRINGS = YES;
				SWIFT_VERSION = 5.0;
				TARGETED_DEVICE_FAMILY = "1,2";
			};
			name = Release;
		};
/* End XCBuildConfiguration section */

/* Begin XCConfigurationList section */
		F94214D9295747720064FEB3 /* Build configuration list for PBXProject "RickAndMorty" */ = {
			isa = XCConfigurationList;
			buildConfigurations = (
				F94214F0295747730064FEB3 /* Debug */,
				F94214F1295747730064FEB3 /* Release */,
			);
			defaultConfigurationIsVisible = 0;
			defaultConfigurationName = Release;
		};
		F94214F2295747730064FEB3 /* Build configuration list for PBXNativeTarget "RickAndMorty" */ = {
			isa = XCConfigurationList;
			buildConfigurations = (
				F94214F3295747730064FEB3 /* Debug */,
				F94214F4295747730064FEB3 /* Release */,
			);
			defaultConfigurationIsVisible = 0;
			defaultConfigurationName = Release;
		};
/* End XCConfigurationList section */
	};
	rootObject = F94214D6295747720064FEB3 /* Project object */;
}
